
Microsoft Visual Studio Solution File, Format Version 12.00
# Visual Studio Version 17
VisualStudioVersion = 17.10.34928.147
MinimumVisualStudioVersion = 10.0.40219.1
Project("{2150E333-8FDC-42A3-9474-1A3956D46DE8}") = "Core", "Core", "{D6D13105-C2DC-4F88-93D6-0B9C43F84A17}"
EndProject
Project("{2150E333-8FDC-42A3-9474-1A3956D46DE8}") = "PlugIns", "PlugIns", "{6DDE32A6-58F6-4531-9F1F-1064F9558048}"
EndProject
Project("{9A19103F-16F7-4668-BE54-9A1E7A4F7556}") = "Schuermann.Dart.Core", "..\Core\Schuermann.Dart.Core\Schuermann.Dart.Core.csproj", "{7BA376B9-3844-46BA-8489-DD4F1057884B}"
EndProject
Project("{9A19103F-16F7-4668-BE54-9A1E7A4F7556}") = "Schuermann.Dart.App", "Schuermann.Dart.App\Schuermann.Dart.App.csproj", "{1E7098AA-0A1C-4E68-BB03-5AE2BCFE4147}"
EndProject
Project("{9A19103F-16F7-4668-BE54-9A1E7A4F7556}") = "Schuermann.Dart.Charts.TestApp", "..\Extensions\Charts\TestApp\Schuermann.Dart.Charts.TestApp.csproj", "{9F4F12D5-7872-48A3-B6A1-974ACA739631}"
EndProject
Project("{2150E333-8FDC-42A3-9474-1A3956D46DE8}") = "Tests", "Tests", "{016FD613-DCD2-4DA0-93CC-7BB921383710}"
EndProject
Project("{9A19103F-16F7-4668-BE54-9A1E7A4F7556}") = "Schuermann.Dart.App.Tests", "Tests\Schuermann.Dart.App.Tests.csproj", "{9CCFAD02-9438-462D-BFD4-F70084E72D6A}"
EndProject
Project("{9A19103F-16F7-4668-BE54-9A1E7A4F7556}") = "Schuermann.Dart.Charts", "..\Extensions\Charts\Schuermann.Dart.Charts\Schuermann.Dart.Charts.csproj", "{BF599E31-D09F-4982-9432-A53A22D31357}"
EndProject
Project("{2150E333-8FDC-42A3-9474-1A3956D46DE8}") = "Tests", "Tests", "{FB15EE53-E2FD-4650-BBC5-D438EF348914}"
EndProject
Project("{9A19103F-16F7-4668-BE54-9A1E7A4F7556}") = "Schuermann.Dart.Core.Tests", "..\Core\Schuermann.Dart.Core\Tests\Schuermann.Dart.Core.Tests.csproj", "{1D21A777-D730-4F89-8361-FBF17F4A930D}"
EndProject
Project("{2150E333-8FDC-42A3-9474-1A3956D46DE8}") = "Solution Items", "Solution Items", "{00E99DF8-48BB-4576-A926-922DC390DD47}"
	ProjectSection(SolutionItems) = preProject
		..\.editorconfig = ..\.editorconfig
	EndProjectSection
EndProject
Global
	GlobalSection(SolutionConfigurationPlatforms) = preSolution
		Debug|Any CPU = Debug|Any CPU
		Develop|Any CPU = Develop|Any CPU
		Release|Any CPU = Release|Any CPU
	EndGlobalSection
	GlobalSection(ProjectConfigurationPlatforms) = postSolution
		{7BA376B9-3844-46BA-8489-DD4F1057884B}.Debug|Any CPU.ActiveCfg = Debug|Any CPU
		{7BA376B9-3844-46BA-8489-DD4F1057884B}.Debug|Any CPU.Build.0 = Debug|Any CPU
		{7BA376B9-3844-46BA-8489-DD4F1057884B}.Develop|Any CPU.ActiveCfg = Debug|Any CPU
		{7BA376B9-3844-46BA-8489-DD4F1057884B}.Develop|Any CPU.Build.0 = Debug|Any CPU
		{7BA376B9-3844-46BA-8489-DD4F1057884B}.Release|Any CPU.ActiveCfg = Release|Any CPU
		{7BA376B9-3844-46BA-8489-DD4F1057884B}.Release|Any CPU.Build.0 = Release|Any CPU
		{1E7098AA-0A1C-4E68-BB03-5AE2BCFE4147}.Debug|Any CPU.ActiveCfg = Debug|Any CPU
		{1E7098AA-0A1C-4E68-BB03-5AE2BCFE4147}.Debug|Any CPU.Build.0 = Debug|Any CPU
		{1E7098AA-0A1C-4E68-BB03-5AE2BCFE4147}.Develop|Any CPU.ActiveCfg = Develop|Any CPU
		{1E7098AA-0A1C-4E68-BB03-5AE2BCFE4147}.Develop|Any CPU.Build.0 = Develop|Any CPU
		{1E7098AA-0A1C-4E68-BB03-5AE2BCFE4147}.Release|Any CPU.ActiveCfg = Release|Any CPU
		{1E7098AA-0A1C-4E68-BB03-5AE2BCFE4147}.Release|Any CPU.Build.0 = Release|Any CPU
		{9F4F12D5-7872-48A3-B6A1-974ACA739631}.Debug|Any CPU.ActiveCfg = Debug|Any CPU
		{9F4F12D5-7872-48A3-B6A1-974ACA739631}.Debug|Any CPU.Build.0 = Debug|Any CPU
		{9F4F12D5-7872-48A3-B6A1-974ACA739631}.Develop|Any CPU.ActiveCfg = Debug|Any CPU
		{9F4F12D5-7872-48A3-B6A1-974ACA739631}.Develop|Any CPU.Build.0 = Debug|Any CPU
		{9F4F12D5-7872-48A3-B6A1-974ACA739631}.Release|Any CPU.ActiveCfg = Release|Any CPU
		{9F4F12D5-7872-48A3-B6A1-974ACA739631}.Release|Any CPU.Build.0 = Release|Any CPU
		{9CCFAD02-9438-462D-BFD4-F70084E72D6A}.Debug|Any CPU.ActiveCfg = Debug|Any CPU
		{9CCFAD02-9438-462D-BFD4-F70084E72D6A}.Debug|Any CPU.Build.0 = Debug|Any CPU
		{9CCFAD02-9438-462D-BFD4-F70084E72D6A}.Develop|Any CPU.ActiveCfg = Develop|Any CPU
		{9CCFAD02-9438-462D-BFD4-F70084E72D6A}.Develop|Any CPU.Build.0 = Develop|Any CPU
		{9CCFAD02-9438-462D-BFD4-F70084E72D6A}.Release|Any CPU.ActiveCfg = Release|Any CPU
		{9CCFAD02-9438-462D-BFD4-F70084E72D6A}.Release|Any CPU.Build.0 = Release|Any CPU
		{BF599E31-D09F-4982-9432-A53A22D31357}.Debug|Any CPU.ActiveCfg = Debug|Any CPU
		{BF599E31-D09F-4982-9432-A53A22D31357}.Debug|Any CPU.Build.0 = Debug|Any CPU
		{BF599E31-D09F-4982-9432-A53A22D31357}.Develop|Any CPU.ActiveCfg = Develop|Any CPU
		{BF599E31-D09F-4982-9432-A53A22D31357}.Develop|Any CPU.Build.0 = Develop|Any CPU
		{BF599E31-D09F-4982-9432-A53A22D31357}.Release|Any CPU.ActiveCfg = Release|Any CPU
		{BF599E31-D09F-4982-9432-A53A22D31357}.Release|Any CPU.Build.0 = Release|Any CPU
		{1D21A777-D730-4F89-8361-FBF17F4A930D}.Debug|Any CPU.ActiveCfg = Debug|Any CPU
		{1D21A777-D730-4F89-8361-FBF17F4A930D}.Debug|Any CPU.Build.0 = Debug|Any CPU
		{1D21A777-D730-4F89-8361-FBF17F4A930D}.Develop|Any CPU.ActiveCfg = Debug|Any CPU
		{1D21A777-D730-4F89-8361-FBF17F4A930D}.Develop|Any CPU.Build.0 = Debug|Any CPU
		{1D21A777-D730-4F89-8361-FBF17F4A930D}.Release|Any CPU.ActiveCfg = Release|Any CPU
		{1D21A777-D730-4F89-8361-FBF17F4A930D}.Release|Any CPU.Build.0 = Release|Any CPU
	EndGlobalSection
	GlobalSection(SolutionProperties) = preSolution
		HideSolutionNode = FALSE
	EndGlobalSection
	GlobalSection(NestedProjects) = preSolution
		{7BA376B9-3844-46BA-8489-DD4F1057884B} = {D6D13105-C2DC-4F88-93D6-0B9C43F84A17}
		{9F4F12D5-7872-48A3-B6A1-974ACA739631} = {6DDE32A6-58F6-4531-9F1F-1064F9558048}
		{9CCFAD02-9438-462D-BFD4-F70084E72D6A} = {016FD613-DCD2-4DA0-93CC-7BB921383710}
		{BF599E31-D09F-4982-9432-A53A22D31357} = {6DDE32A6-58F6-4531-9F1F-1064F9558048}
		{FB15EE53-E2FD-4650-BBC5-D438EF348914} = {D6D13105-C2DC-4F88-93D6-0B9C43F84A17}
		{1D21A777-D730-4F89-8361-FBF17F4A930D} = {FB15EE53-E2FD-4650-BBC5-D438EF348914}
	EndGlobalSection
	GlobalSection(ExtensibilityGlobals) = postSolution
		SolutionGuid = {10466D40-32D3-4094-9525-AA4FFD060779}
	EndGlobalSection
EndGlobal
