
Microsoft Visual Studio Solution File, Format Version 12.00
# Visual Studio Version 17
VisualStudioVersion = 17.3.32901.215
MinimumVisualStudioVersion = 10.0.40219.1
Project("{9A19103F-16F7-4668-BE54-9A1E7A4F7556}") = "Schuermann.Darts.Charts", "Schuermann.Darts.Charts\Schuermann.Darts.Charts.csproj", "{EB95254C-5DC9-4339-B98B-D3EAA0D74AE5}"
EndProject
Project("{9A19103F-16F7-4668-BE54-9A1E7A4F7556}") = "TestApp", "TestApp\TestApp.csproj", "{B8378B33-1AEE-4D53-8C90-E26E8B98B9A5}"
EndProject
Global
	GlobalSection(SolutionConfigurationPlatforms) = preSolution
		Debug|Any CPU = Debug|Any CPU
		Release|Any CPU = Release|Any CPU
	EndGlobalSection
	GlobalSection(ProjectConfigurationPlatforms) = postSolution
		{EB95254C-5DC9-4339-B98B-D3EAA0D74AE5}.Debug|Any CPU.ActiveCfg = Debug|Any CPU
		{EB95254C-5DC9-4339-B98B-D3EAA0D74AE5}.Debug|Any CPU.Build.0 = Debug|Any CPU
		{EB95254C-5DC9-4339-B98B-D3EAA0D74AE5}.Release|Any CPU.ActiveCfg = Release|Any CPU
		{EB95254C-5DC9-4339-B98B-D3EAA0D74AE5}.Release|Any CPU.Build.0 = Release|Any CPU
		{B8378B33-1AEE-4D53-8C90-E26E8B98B9A5}.Debug|Any CPU.ActiveCfg = Debug|Any CPU
		{B8378B33-1AEE-4D53-8C90-E26E8B98B9A5}.Debug|Any CPU.Build.0 = Debug|Any CPU
		{B8378B33-1AEE-4D53-8C90-E26E8B98B9A5}.Release|Any CPU.ActiveCfg = Release|Any CPU
		{B8378B33-1AEE-4D53-8C90-E26E8B98B9A5}.Release|Any CPU.Build.0 = Release|Any CPU
	EndGlobalSection
	GlobalSection(SolutionProperties) = preSolution
		HideSolutionNode = FALSE
	EndGlobalSection
	GlobalSection(ExtensibilityGlobals) = postSolution
		SolutionGuid = {9FACF16E-96F5-43D5-B788-AAAE11C318E8}
	EndGlobalSection
EndGlobal
